
Microsoft Visual Studio Solution File, Format Version 12.00
# Visual Studio Version 17
VisualStudioVersion = 17.9.34723.18
MinimumVisualStudioVersion = 10.0.40219.1
Project("{9A19103F-16F7-4668-BE54-9A1E7A4F7556}") = "VCheckViewer", "VCheckViewer\VCheckViewer.csproj", "{E9418A72-5A19-4348-9BCB-8C6941075E7B}"
EndProject
Project("{9A19103F-16F7-4668-BE54-9A1E7A4F7556}") = "VCheckListenerWorker", "VCheckListenerWorker\VCheckListenerWorker.csproj", "{6F4503D7-2361-4356-93B9-D1FB5BC190C8}"
EndProject
Project("{2150E333-8FDC-42A3-9474-1A3956D46DE8}") = "Libraries", "Libraries", "{78FFBE4E-2136-4BA9-98CB-29342A2B582D}"
EndProject
Project("{9A19103F-16F7-4668-BE54-9A1E7A4F7556}") = "VCheck.Lib.Data", "Library\VCheck.Lib.Data\VCheck.Lib.Data.csproj", "{7121EE73-A106-4BC0-8BBD-6E86A40DA698}"
EndProject
Project("{9A19103F-16F7-4668-BE54-9A1E7A4F7556}") = "VCheck.Helper", "Library\VCheck.Helper\VCheck.Helper.csproj", "{997AE9EA-5561-4695-9A22-501A0DE56EFC}"
EndProject
Project("{9A19103F-16F7-4668-BE54-9A1E7A4F7556}") = "VCheckViewerAPI", "VCheckViewerAPI\VCheckViewerAPI.csproj", "{22EAAA8A-5762-4C2D-9EDB-18E85CB60C8D}"
EndProject
Project("{2150E333-8FDC-42A3-9474-1A3956D46DE8}") = "Tasks", "Tasks", "{7EF5493D-A9EB-4771-AA39-C8B03CA2FF66}"
EndProject
Project("{9A19103F-16F7-4668-BE54-9A1E7A4F7556}") = "VCheckAutoNotificationTask", "VCheckAutoNotificationTask\VCheckAutoNotificationTask.csproj", "{2C54C341-B828-4DE3-A278-9699EC755177}"
EndProject
Project("{9A19103F-16F7-4668-BE54-9A1E7A4F7556}") = "VCheckTestResultTransferTask", "VCheckTestResultTransferTask\VCheckTestResultTransferTask.csproj", "{BB066D5B-2427-460D-AFDB-0D8CE5F1703A}"
EndProject
Project("{2150E333-8FDC-42A3-9474-1A3956D46DE8}") = "Interface", "Interface", "{1DDFE4EC-D225-4A90-B665-F7DFACE243DD}"
EndProject
Project("{9A19103F-16F7-4668-BE54-9A1E7A4F7556}") = "VCheck.Interface.API", "VCheck.Interface.API\VCheck.Interface.API.csproj", "{E1FA9E6F-C83C-47D7-91A8-59A90DB41E08}"
EndProject
Project("{9A19103F-16F7-4668-BE54-9A1E7A4F7556}") = "TestAPIServices", "TestAPIServices\TestAPIServices.csproj", "{1B63DD84-3FD5-411C-8CD8-E031A3835F92}"
EndProject
Project("{9A19103F-16F7-4668-BE54-9A1E7A4F7556}") = "VCheckAppointmentSynchTask", "VCheckAppointmentSynchTask\VCheckAppointmentSynchTask.csproj", "{B378F3A1-F9F2-4D3D-8437-6BEFEABFE50F}"
EndProject
Project("{9A19103F-16F7-4668-BE54-9A1E7A4F7556}") = "VCheckTestResultDataSynchTask", "VCheckTestResultDataSynchTask\VCheckTestResultDataSynchTask.csproj", "{C1E9CBAE-C7EE-4998-9CF6-DB068C060FD2}"
EndProject
Project("{9A19103F-16F7-4668-BE54-9A1E7A4F7556}") = "VCheck.APILogging", "Library\VCheck.APILogging\VCheck.APILogging.csproj", "{8166858D-35C0-4E5D-868F-05F566213012}"
EndProject
Project("{9A19103F-16F7-4668-BE54-9A1E7A4F7556}") = "VCheckHL7QueryTestApp", "VCheckHL7QueryTestApp\VCheckHL7QueryTestApp.csproj", "{B300720E-802C-4D1F-A66F-63564E3849FF}"
EndProject
Project("{FAE04EC0-301F-11D3-BF4B-00C04F79EFBC}") = "ScheduleAutomation", "ScheduleAutomation\ScheduleAutomation.csproj", "{5DE225DE-049E-4338-BEBC-757ADB1EA382}"
EndProject
Project("{C7167F0D-BC9F-4E6E-AFE1-012C56B48DB5}") = "Package", "Package\Package.wapproj", "{4CA8E793-4C76-4D2E-9B9A-6146056EDADC}"
EndProject
Project("{FAE04EC0-301F-11D3-BF4B-00C04F79EFBC}") = "VCheckListener", "VcheckListener\VCheckListener.csproj", "{213C58A4-B881-4A23-8080-4E9A265240EE}"
EndProject
Project("{FAE04EC0-301F-11D3-BF4B-00C04F79EFBC}") = "Vcheck Listener", "Vcheck Listener\Vcheck Listener.csproj", "{6762C1D5-9F11-4F3D-AEE5-6EB61F670F3E}"
EndProject
Global
	GlobalSection(SolutionConfigurationPlatforms) = preSolution
		Debug|Any CPU = Debug|Any CPU
		Debug|ARM = Debug|ARM
		Debug|ARM64 = Debug|ARM64
		Debug|x64 = Debug|x64
		Debug|x86 = Debug|x86
		Release|Any CPU = Release|Any CPU
		Release|ARM = Release|ARM
		Release|ARM64 = Release|ARM64
		Release|x64 = Release|x64
		Release|x86 = Release|x86
	EndGlobalSection
	GlobalSection(ProjectConfigurationPlatforms) = postSolution
		{E9418A72-5A19-4348-9BCB-8C6941075E7B}.Debug|Any CPU.ActiveCfg = Debug|Any CPU
		{E9418A72-5A19-4348-9BCB-8C6941075E7B}.Debug|Any CPU.Build.0 = Debug|Any CPU
		{E9418A72-5A19-4348-9BCB-8C6941075E7B}.Debug|ARM.ActiveCfg = Debug|Any CPU
		{E9418A72-5A19-4348-9BCB-8C6941075E7B}.Debug|ARM.Build.0 = Debug|Any CPU
		{E9418A72-5A19-4348-9BCB-8C6941075E7B}.Debug|ARM64.ActiveCfg = Debug|Any CPU
		{E9418A72-5A19-4348-9BCB-8C6941075E7B}.Debug|ARM64.Build.0 = Debug|Any CPU
		{E9418A72-5A19-4348-9BCB-8C6941075E7B}.Debug|x64.ActiveCfg = Debug|Any CPU
		{E9418A72-5A19-4348-9BCB-8C6941075E7B}.Debug|x86.ActiveCfg = Release|x86
		{E9418A72-5A19-4348-9BCB-8C6941075E7B}.Debug|x86.Build.0 = Release|x86
		{E9418A72-5A19-4348-9BCB-8C6941075E7B}.Release|Any CPU.ActiveCfg = Release|Any CPU
		{E9418A72-5A19-4348-9BCB-8C6941075E7B}.Release|Any CPU.Build.0 = Release|Any CPU
		{E9418A72-5A19-4348-9BCB-8C6941075E7B}.Release|ARM.ActiveCfg = Release|Any CPU
		{E9418A72-5A19-4348-9BCB-8C6941075E7B}.Release|ARM.Build.0 = Release|Any CPU
		{E9418A72-5A19-4348-9BCB-8C6941075E7B}.Release|ARM64.ActiveCfg = Release|Any CPU
		{E9418A72-5A19-4348-9BCB-8C6941075E7B}.Release|ARM64.Build.0 = Release|Any CPU
		{E9418A72-5A19-4348-9BCB-8C6941075E7B}.Release|x64.ActiveCfg = Release|Any CPU
		{E9418A72-5A19-4348-9BCB-8C6941075E7B}.Release|x64.Build.0 = Release|Any CPU
		{E9418A72-5A19-4348-9BCB-8C6941075E7B}.Release|x86.ActiveCfg = Release|Any CPU
		{E9418A72-5A19-4348-9BCB-8C6941075E7B}.Release|x86.Build.0 = Release|Any CPU
		{6F4503D7-2361-4356-93B9-D1FB5BC190C8}.Debug|Any CPU.ActiveCfg = Debug|Any CPU
		{6F4503D7-2361-4356-93B9-D1FB5BC190C8}.Debug|Any CPU.Build.0 = Debug|Any CPU
		{6F4503D7-2361-4356-93B9-D1FB5BC190C8}.Debug|ARM.ActiveCfg = Debug|Any CPU
		{6F4503D7-2361-4356-93B9-D1FB5BC190C8}.Debug|ARM.Build.0 = Debug|Any CPU
		{6F4503D7-2361-4356-93B9-D1FB5BC190C8}.Debug|ARM64.ActiveCfg = Debug|Any CPU
		{6F4503D7-2361-4356-93B9-D1FB5BC190C8}.Debug|ARM64.Build.0 = Debug|Any CPU
		{6F4503D7-2361-4356-93B9-D1FB5BC190C8}.Debug|x64.ActiveCfg = Debug|Any CPU
		{6F4503D7-2361-4356-93B9-D1FB5BC190C8}.Debug|x64.Build.0 = Debug|Any CPU
		{6F4503D7-2361-4356-93B9-D1FB5BC190C8}.Debug|x86.ActiveCfg = Debug|Any CPU
		{6F4503D7-2361-4356-93B9-D1FB5BC190C8}.Debug|x86.Build.0 = Debug|Any CPU
		{6F4503D7-2361-4356-93B9-D1FB5BC190C8}.Release|Any CPU.ActiveCfg = Release|Any CPU
		{6F4503D7-2361-4356-93B9-D1FB5BC190C8}.Release|Any CPU.Build.0 = Release|Any CPU
		{6F4503D7-2361-4356-93B9-D1FB5BC190C8}.Release|ARM.ActiveCfg = Release|Any CPU
		{6F4503D7-2361-4356-93B9-D1FB5BC190C8}.Release|ARM.Build.0 = Release|Any CPU
		{6F4503D7-2361-4356-93B9-D1FB5BC190C8}.Release|ARM64.ActiveCfg = Release|Any CPU
		{6F4503D7-2361-4356-93B9-D1FB5BC190C8}.Release|ARM64.Build.0 = Release|Any CPU
		{6F4503D7-2361-4356-93B9-D1FB5BC190C8}.Release|x64.ActiveCfg = Release|Any CPU
		{6F4503D7-2361-4356-93B9-D1FB5BC190C8}.Release|x64.Build.0 = Release|Any CPU
		{6F4503D7-2361-4356-93B9-D1FB5BC190C8}.Release|x86.ActiveCfg = Release|Any CPU
		{6F4503D7-2361-4356-93B9-D1FB5BC190C8}.Release|x86.Build.0 = Release|Any CPU
		{7121EE73-A106-4BC0-8BBD-6E86A40DA698}.Debug|Any CPU.ActiveCfg = Debug|Any CPU
		{7121EE73-A106-4BC0-8BBD-6E86A40DA698}.Debug|Any CPU.Build.0 = Debug|Any CPU
		{7121EE73-A106-4BC0-8BBD-6E86A40DA698}.Debug|ARM.ActiveCfg = Debug|Any CPU
		{7121EE73-A106-4BC0-8BBD-6E86A40DA698}.Debug|ARM.Build.0 = Debug|Any CPU
		{7121EE73-A106-4BC0-8BBD-6E86A40DA698}.Debug|ARM64.ActiveCfg = Debug|Any CPU
		{7121EE73-A106-4BC0-8BBD-6E86A40DA698}.Debug|ARM64.Build.0 = Debug|Any CPU
		{7121EE73-A106-4BC0-8BBD-6E86A40DA698}.Debug|x64.ActiveCfg = Debug|Any CPU
		{7121EE73-A106-4BC0-8BBD-6E86A40DA698}.Debug|x64.Build.0 = Debug|Any CPU
		{7121EE73-A106-4BC0-8BBD-6E86A40DA698}.Debug|x86.ActiveCfg = Debug|Any CPU
		{7121EE73-A106-4BC0-8BBD-6E86A40DA698}.Debug|x86.Build.0 = Debug|Any CPU
		{7121EE73-A106-4BC0-8BBD-6E86A40DA698}.Release|Any CPU.ActiveCfg = Release|Any CPU
		{7121EE73-A106-4BC0-8BBD-6E86A40DA698}.Release|Any CPU.Build.0 = Release|Any CPU
		{7121EE73-A106-4BC0-8BBD-6E86A40DA698}.Release|ARM.ActiveCfg = Release|Any CPU
		{7121EE73-A106-4BC0-8BBD-6E86A40DA698}.Release|ARM.Build.0 = Release|Any CPU
		{7121EE73-A106-4BC0-8BBD-6E86A40DA698}.Release|ARM64.ActiveCfg = Release|Any CPU
		{7121EE73-A106-4BC0-8BBD-6E86A40DA698}.Release|ARM64.Build.0 = Release|Any CPU
		{7121EE73-A106-4BC0-8BBD-6E86A40DA698}.Release|x64.ActiveCfg = Release|Any CPU
		{7121EE73-A106-4BC0-8BBD-6E86A40DA698}.Release|x64.Build.0 = Release|Any CPU
		{7121EE73-A106-4BC0-8BBD-6E86A40DA698}.Release|x86.ActiveCfg = Release|Any CPU
		{7121EE73-A106-4BC0-8BBD-6E86A40DA698}.Release|x86.Build.0 = Release|Any CPU
		{997AE9EA-5561-4695-9A22-501A0DE56EFC}.Debug|Any CPU.ActiveCfg = Debug|Any CPU
		{997AE9EA-5561-4695-9A22-501A0DE56EFC}.Debug|Any CPU.Build.0 = Debug|Any CPU
		{997AE9EA-5561-4695-9A22-501A0DE56EFC}.Debug|ARM.ActiveCfg = Debug|Any CPU
		{997AE9EA-5561-4695-9A22-501A0DE56EFC}.Debug|ARM.Build.0 = Debug|Any CPU
		{997AE9EA-5561-4695-9A22-501A0DE56EFC}.Debug|ARM64.ActiveCfg = Debug|Any CPU
		{997AE9EA-5561-4695-9A22-501A0DE56EFC}.Debug|ARM64.Build.0 = Debug|Any CPU
		{997AE9EA-5561-4695-9A22-501A0DE56EFC}.Debug|x64.ActiveCfg = Debug|Any CPU
		{997AE9EA-5561-4695-9A22-501A0DE56EFC}.Debug|x64.Build.0 = Debug|Any CPU
		{997AE9EA-5561-4695-9A22-501A0DE56EFC}.Debug|x86.ActiveCfg = Debug|Any CPU
		{997AE9EA-5561-4695-9A22-501A0DE56EFC}.Debug|x86.Build.0 = Debug|Any CPU
		{997AE9EA-5561-4695-9A22-501A0DE56EFC}.Release|Any CPU.ActiveCfg = Release|Any CPU
		{997AE9EA-5561-4695-9A22-501A0DE56EFC}.Release|Any CPU.Build.0 = Release|Any CPU
		{997AE9EA-5561-4695-9A22-501A0DE56EFC}.Release|ARM.ActiveCfg = Release|Any CPU
		{997AE9EA-5561-4695-9A22-501A0DE56EFC}.Release|ARM.Build.0 = Release|Any CPU
		{997AE9EA-5561-4695-9A22-501A0DE56EFC}.Release|ARM64.ActiveCfg = Release|Any CPU
		{997AE9EA-5561-4695-9A22-501A0DE56EFC}.Release|ARM64.Build.0 = Release|Any CPU
		{997AE9EA-5561-4695-9A22-501A0DE56EFC}.Release|x64.ActiveCfg = Release|Any CPU
		{997AE9EA-5561-4695-9A22-501A0DE56EFC}.Release|x64.Build.0 = Release|Any CPU
		{997AE9EA-5561-4695-9A22-501A0DE56EFC}.Release|x86.ActiveCfg = Release|Any CPU
		{997AE9EA-5561-4695-9A22-501A0DE56EFC}.Release|x86.Build.0 = Release|Any CPU
		{22EAAA8A-5762-4C2D-9EDB-18E85CB60C8D}.Debug|Any CPU.ActiveCfg = Debug|Any CPU
		{22EAAA8A-5762-4C2D-9EDB-18E85CB60C8D}.Debug|Any CPU.Build.0 = Debug|Any CPU
		{22EAAA8A-5762-4C2D-9EDB-18E85CB60C8D}.Debug|ARM.ActiveCfg = Debug|Any CPU
		{22EAAA8A-5762-4C2D-9EDB-18E85CB60C8D}.Debug|ARM.Build.0 = Debug|Any CPU
		{22EAAA8A-5762-4C2D-9EDB-18E85CB60C8D}.Debug|ARM64.ActiveCfg = Debug|Any CPU
		{22EAAA8A-5762-4C2D-9EDB-18E85CB60C8D}.Debug|ARM64.Build.0 = Debug|Any CPU
		{22EAAA8A-5762-4C2D-9EDB-18E85CB60C8D}.Debug|x64.ActiveCfg = Debug|Any CPU
		{22EAAA8A-5762-4C2D-9EDB-18E85CB60C8D}.Debug|x64.Build.0 = Debug|Any CPU
		{22EAAA8A-5762-4C2D-9EDB-18E85CB60C8D}.Debug|x86.ActiveCfg = Debug|Any CPU
		{22EAAA8A-5762-4C2D-9EDB-18E85CB60C8D}.Debug|x86.Build.0 = Debug|Any CPU
		{22EAAA8A-5762-4C2D-9EDB-18E85CB60C8D}.Release|Any CPU.ActiveCfg = Release|Any CPU
		{22EAAA8A-5762-4C2D-9EDB-18E85CB60C8D}.Release|Any CPU.Build.0 = Release|Any CPU
		{22EAAA8A-5762-4C2D-9EDB-18E85CB60C8D}.Release|ARM.ActiveCfg = Release|Any CPU
		{22EAAA8A-5762-4C2D-9EDB-18E85CB60C8D}.Release|ARM.Build.0 = Release|Any CPU
		{22EAAA8A-5762-4C2D-9EDB-18E85CB60C8D}.Release|ARM64.ActiveCfg = Release|Any CPU
		{22EAAA8A-5762-4C2D-9EDB-18E85CB60C8D}.Release|ARM64.Build.0 = Release|Any CPU
		{22EAAA8A-5762-4C2D-9EDB-18E85CB60C8D}.Release|x64.ActiveCfg = Release|Any CPU
		{22EAAA8A-5762-4C2D-9EDB-18E85CB60C8D}.Release|x64.Build.0 = Release|Any CPU
		{22EAAA8A-5762-4C2D-9EDB-18E85CB60C8D}.Release|x86.ActiveCfg = Release|Any CPU
		{22EAAA8A-5762-4C2D-9EDB-18E85CB60C8D}.Release|x86.Build.0 = Release|Any CPU
		{2C54C341-B828-4DE3-A278-9699EC755177}.Debug|Any CPU.ActiveCfg = Debug|Any CPU
		{2C54C341-B828-4DE3-A278-9699EC755177}.Debug|Any CPU.Build.0 = Debug|Any CPU
		{2C54C341-B828-4DE3-A278-9699EC755177}.Debug|ARM.ActiveCfg = Debug|Any CPU
		{2C54C341-B828-4DE3-A278-9699EC755177}.Debug|ARM.Build.0 = Debug|Any CPU
		{2C54C341-B828-4DE3-A278-9699EC755177}.Debug|ARM64.ActiveCfg = Debug|Any CPU
		{2C54C341-B828-4DE3-A278-9699EC755177}.Debug|ARM64.Build.0 = Debug|Any CPU
		{2C54C341-B828-4DE3-A278-9699EC755177}.Debug|x64.ActiveCfg = Debug|Any CPU
		{2C54C341-B828-4DE3-A278-9699EC755177}.Debug|x64.Build.0 = Debug|Any CPU
		{2C54C341-B828-4DE3-A278-9699EC755177}.Debug|x86.ActiveCfg = Debug|Any CPU
		{2C54C341-B828-4DE3-A278-9699EC755177}.Debug|x86.Build.0 = Debug|Any CPU
		{2C54C341-B828-4DE3-A278-9699EC755177}.Release|Any CPU.ActiveCfg = Release|Any CPU
		{2C54C341-B828-4DE3-A278-9699EC755177}.Release|Any CPU.Build.0 = Release|Any CPU
		{2C54C341-B828-4DE3-A278-9699EC755177}.Release|ARM.ActiveCfg = Release|Any CPU
		{2C54C341-B828-4DE3-A278-9699EC755177}.Release|ARM.Build.0 = Release|Any CPU
		{2C54C341-B828-4DE3-A278-9699EC755177}.Release|ARM64.ActiveCfg = Release|Any CPU
		{2C54C341-B828-4DE3-A278-9699EC755177}.Release|ARM64.Build.0 = Release|Any CPU
		{2C54C341-B828-4DE3-A278-9699EC755177}.Release|x64.ActiveCfg = Release|Any CPU
		{2C54C341-B828-4DE3-A278-9699EC755177}.Release|x64.Build.0 = Release|Any CPU
		{2C54C341-B828-4DE3-A278-9699EC755177}.Release|x86.ActiveCfg = Release|Any CPU
		{2C54C341-B828-4DE3-A278-9699EC755177}.Release|x86.Build.0 = Release|Any CPU
		{BB066D5B-2427-460D-AFDB-0D8CE5F1703A}.Debug|Any CPU.ActiveCfg = Debug|Any CPU
		{BB066D5B-2427-460D-AFDB-0D8CE5F1703A}.Debug|Any CPU.Build.0 = Debug|Any CPU
		{BB066D5B-2427-460D-AFDB-0D8CE5F1703A}.Debug|ARM.ActiveCfg = Debug|Any CPU
		{BB066D5B-2427-460D-AFDB-0D8CE5F1703A}.Debug|ARM.Build.0 = Debug|Any CPU
		{BB066D5B-2427-460D-AFDB-0D8CE5F1703A}.Debug|ARM64.ActiveCfg = Debug|Any CPU
		{BB066D5B-2427-460D-AFDB-0D8CE5F1703A}.Debug|ARM64.Build.0 = Debug|Any CPU
		{BB066D5B-2427-460D-AFDB-0D8CE5F1703A}.Debug|x64.ActiveCfg = Debug|Any CPU
		{BB066D5B-2427-460D-AFDB-0D8CE5F1703A}.Debug|x64.Build.0 = Debug|Any CPU
		{BB066D5B-2427-460D-AFDB-0D8CE5F1703A}.Debug|x86.ActiveCfg = Debug|Any CPU
		{BB066D5B-2427-460D-AFDB-0D8CE5F1703A}.Debug|x86.Build.0 = Debug|Any CPU
		{BB066D5B-2427-460D-AFDB-0D8CE5F1703A}.Release|Any CPU.ActiveCfg = Release|Any CPU
		{BB066D5B-2427-460D-AFDB-0D8CE5F1703A}.Release|Any CPU.Build.0 = Release|Any CPU
		{BB066D5B-2427-460D-AFDB-0D8CE5F1703A}.Release|ARM.ActiveCfg = Release|Any CPU
		{BB066D5B-2427-460D-AFDB-0D8CE5F1703A}.Release|ARM.Build.0 = Release|Any CPU
		{BB066D5B-2427-460D-AFDB-0D8CE5F1703A}.Release|ARM64.ActiveCfg = Release|Any CPU
		{BB066D5B-2427-460D-AFDB-0D8CE5F1703A}.Release|ARM64.Build.0 = Release|Any CPU
		{BB066D5B-2427-460D-AFDB-0D8CE5F1703A}.Release|x64.ActiveCfg = Release|Any CPU
		{BB066D5B-2427-460D-AFDB-0D8CE5F1703A}.Release|x64.Build.0 = Release|Any CPU
		{BB066D5B-2427-460D-AFDB-0D8CE5F1703A}.Release|x86.ActiveCfg = Release|Any CPU
		{BB066D5B-2427-460D-AFDB-0D8CE5F1703A}.Release|x86.Build.0 = Release|Any CPU
		{E1FA9E6F-C83C-47D7-91A8-59A90DB41E08}.Debug|Any CPU.ActiveCfg = Debug|Any CPU
		{E1FA9E6F-C83C-47D7-91A8-59A90DB41E08}.Debug|Any CPU.Build.0 = Debug|Any CPU
		{E1FA9E6F-C83C-47D7-91A8-59A90DB41E08}.Debug|ARM.ActiveCfg = Debug|Any CPU
		{E1FA9E6F-C83C-47D7-91A8-59A90DB41E08}.Debug|ARM.Build.0 = Debug|Any CPU
		{E1FA9E6F-C83C-47D7-91A8-59A90DB41E08}.Debug|ARM64.ActiveCfg = Debug|Any CPU
		{E1FA9E6F-C83C-47D7-91A8-59A90DB41E08}.Debug|ARM64.Build.0 = Debug|Any CPU
		{E1FA9E6F-C83C-47D7-91A8-59A90DB41E08}.Debug|x64.ActiveCfg = Debug|Any CPU
		{E1FA9E6F-C83C-47D7-91A8-59A90DB41E08}.Debug|x64.Build.0 = Debug|Any CPU
		{E1FA9E6F-C83C-47D7-91A8-59A90DB41E08}.Debug|x86.ActiveCfg = Debug|Any CPU
		{E1FA9E6F-C83C-47D7-91A8-59A90DB41E08}.Debug|x86.Build.0 = Debug|Any CPU
		{E1FA9E6F-C83C-47D7-91A8-59A90DB41E08}.Release|Any CPU.ActiveCfg = Release|Any CPU
		{E1FA9E6F-C83C-47D7-91A8-59A90DB41E08}.Release|Any CPU.Build.0 = Release|Any CPU
		{E1FA9E6F-C83C-47D7-91A8-59A90DB41E08}.Release|ARM.ActiveCfg = Release|Any CPU
		{E1FA9E6F-C83C-47D7-91A8-59A90DB41E08}.Release|ARM.Build.0 = Release|Any CPU
		{E1FA9E6F-C83C-47D7-91A8-59A90DB41E08}.Release|ARM64.ActiveCfg = Release|Any CPU
		{E1FA9E6F-C83C-47D7-91A8-59A90DB41E08}.Release|ARM64.Build.0 = Release|Any CPU
		{E1FA9E6F-C83C-47D7-91A8-59A90DB41E08}.Release|x64.ActiveCfg = Release|Any CPU
		{E1FA9E6F-C83C-47D7-91A8-59A90DB41E08}.Release|x64.Build.0 = Release|Any CPU
		{E1FA9E6F-C83C-47D7-91A8-59A90DB41E08}.Release|x86.ActiveCfg = Release|Any CPU
		{E1FA9E6F-C83C-47D7-91A8-59A90DB41E08}.Release|x86.Build.0 = Release|Any CPU
		{1B63DD84-3FD5-411C-8CD8-E031A3835F92}.Debug|Any CPU.ActiveCfg = Debug|Any CPU
		{1B63DD84-3FD5-411C-8CD8-E031A3835F92}.Debug|Any CPU.Build.0 = Debug|Any CPU
		{1B63DD84-3FD5-411C-8CD8-E031A3835F92}.Debug|ARM.ActiveCfg = Debug|Any CPU
		{1B63DD84-3FD5-411C-8CD8-E031A3835F92}.Debug|ARM.Build.0 = Debug|Any CPU
		{1B63DD84-3FD5-411C-8CD8-E031A3835F92}.Debug|ARM64.ActiveCfg = Debug|Any CPU
		{1B63DD84-3FD5-411C-8CD8-E031A3835F92}.Debug|ARM64.Build.0 = Debug|Any CPU
		{1B63DD84-3FD5-411C-8CD8-E031A3835F92}.Debug|x64.ActiveCfg = Debug|Any CPU
		{1B63DD84-3FD5-411C-8CD8-E031A3835F92}.Debug|x64.Build.0 = Debug|Any CPU
		{1B63DD84-3FD5-411C-8CD8-E031A3835F92}.Debug|x86.ActiveCfg = Debug|Any CPU
		{1B63DD84-3FD5-411C-8CD8-E031A3835F92}.Debug|x86.Build.0 = Debug|Any CPU
		{1B63DD84-3FD5-411C-8CD8-E031A3835F92}.Release|Any CPU.ActiveCfg = Release|Any CPU
		{1B63DD84-3FD5-411C-8CD8-E031A3835F92}.Release|Any CPU.Build.0 = Release|Any CPU
		{1B63DD84-3FD5-411C-8CD8-E031A3835F92}.Release|ARM.ActiveCfg = Release|Any CPU
		{1B63DD84-3FD5-411C-8CD8-E031A3835F92}.Release|ARM.Build.0 = Release|Any CPU
		{1B63DD84-3FD5-411C-8CD8-E031A3835F92}.Release|ARM64.ActiveCfg = Release|Any CPU
		{1B63DD84-3FD5-411C-8CD8-E031A3835F92}.Release|ARM64.Build.0 = Release|Any CPU
		{1B63DD84-3FD5-411C-8CD8-E031A3835F92}.Release|x64.ActiveCfg = Release|Any CPU
		{1B63DD84-3FD5-411C-8CD8-E031A3835F92}.Release|x64.Build.0 = Release|Any CPU
		{1B63DD84-3FD5-411C-8CD8-E031A3835F92}.Release|x86.ActiveCfg = Release|Any CPU
		{1B63DD84-3FD5-411C-8CD8-E031A3835F92}.Release|x86.Build.0 = Release|Any CPU
		{B378F3A1-F9F2-4D3D-8437-6BEFEABFE50F}.Debug|Any CPU.ActiveCfg = Debug|Any CPU
		{B378F3A1-F9F2-4D3D-8437-6BEFEABFE50F}.Debug|Any CPU.Build.0 = Debug|Any CPU
		{B378F3A1-F9F2-4D3D-8437-6BEFEABFE50F}.Debug|ARM.ActiveCfg = Debug|Any CPU
		{B378F3A1-F9F2-4D3D-8437-6BEFEABFE50F}.Debug|ARM.Build.0 = Debug|Any CPU
		{B378F3A1-F9F2-4D3D-8437-6BEFEABFE50F}.Debug|ARM64.ActiveCfg = Debug|Any CPU
		{B378F3A1-F9F2-4D3D-8437-6BEFEABFE50F}.Debug|ARM64.Build.0 = Debug|Any CPU
		{B378F3A1-F9F2-4D3D-8437-6BEFEABFE50F}.Debug|x64.ActiveCfg = Debug|Any CPU
		{B378F3A1-F9F2-4D3D-8437-6BEFEABFE50F}.Debug|x64.Build.0 = Debug|Any CPU
		{B378F3A1-F9F2-4D3D-8437-6BEFEABFE50F}.Debug|x86.ActiveCfg = Debug|Any CPU
		{B378F3A1-F9F2-4D3D-8437-6BEFEABFE50F}.Debug|x86.Build.0 = Debug|Any CPU
		{B378F3A1-F9F2-4D3D-8437-6BEFEABFE50F}.Release|Any CPU.ActiveCfg = Release|Any CPU
		{B378F3A1-F9F2-4D3D-8437-6BEFEABFE50F}.Release|Any CPU.Build.0 = Release|Any CPU
		{B378F3A1-F9F2-4D3D-8437-6BEFEABFE50F}.Release|ARM.ActiveCfg = Release|Any CPU
		{B378F3A1-F9F2-4D3D-8437-6BEFEABFE50F}.Release|ARM.Build.0 = Release|Any CPU
		{B378F3A1-F9F2-4D3D-8437-6BEFEABFE50F}.Release|ARM64.ActiveCfg = Release|Any CPU
		{B378F3A1-F9F2-4D3D-8437-6BEFEABFE50F}.Release|ARM64.Build.0 = Release|Any CPU
		{B378F3A1-F9F2-4D3D-8437-6BEFEABFE50F}.Release|x64.ActiveCfg = Release|Any CPU
		{B378F3A1-F9F2-4D3D-8437-6BEFEABFE50F}.Release|x64.Build.0 = Release|Any CPU
		{B378F3A1-F9F2-4D3D-8437-6BEFEABFE50F}.Release|x86.ActiveCfg = Release|Any CPU
		{B378F3A1-F9F2-4D3D-8437-6BEFEABFE50F}.Release|x86.Build.0 = Release|Any CPU
		{C1E9CBAE-C7EE-4998-9CF6-DB068C060FD2}.Debug|Any CPU.ActiveCfg = Debug|Any CPU
		{C1E9CBAE-C7EE-4998-9CF6-DB068C060FD2}.Debug|Any CPU.Build.0 = Debug|Any CPU
		{C1E9CBAE-C7EE-4998-9CF6-DB068C060FD2}.Debug|ARM.ActiveCfg = Debug|Any CPU
		{C1E9CBAE-C7EE-4998-9CF6-DB068C060FD2}.Debug|ARM.Build.0 = Debug|Any CPU
		{C1E9CBAE-C7EE-4998-9CF6-DB068C060FD2}.Debug|ARM64.ActiveCfg = Debug|Any CPU
		{C1E9CBAE-C7EE-4998-9CF6-DB068C060FD2}.Debug|ARM64.Build.0 = Debug|Any CPU
		{C1E9CBAE-C7EE-4998-9CF6-DB068C060FD2}.Debug|x64.ActiveCfg = Debug|Any CPU
		{C1E9CBAE-C7EE-4998-9CF6-DB068C060FD2}.Debug|x64.Build.0 = Debug|Any CPU
		{C1E9CBAE-C7EE-4998-9CF6-DB068C060FD2}.Debug|x86.ActiveCfg = Debug|Any CPU
		{C1E9CBAE-C7EE-4998-9CF6-DB068C060FD2}.Debug|x86.Build.0 = Debug|Any CPU
		{C1E9CBAE-C7EE-4998-9CF6-DB068C060FD2}.Release|Any CPU.ActiveCfg = Release|Any CPU
		{C1E9CBAE-C7EE-4998-9CF6-DB068C060FD2}.Release|Any CPU.Build.0 = Release|Any CPU
		{C1E9CBAE-C7EE-4998-9CF6-DB068C060FD2}.Release|ARM.ActiveCfg = Release|Any CPU
		{C1E9CBAE-C7EE-4998-9CF6-DB068C060FD2}.Release|ARM.Build.0 = Release|Any CPU
		{C1E9CBAE-C7EE-4998-9CF6-DB068C060FD2}.Release|ARM64.ActiveCfg = Release|Any CPU
		{C1E9CBAE-C7EE-4998-9CF6-DB068C060FD2}.Release|ARM64.Build.0 = Release|Any CPU
		{C1E9CBAE-C7EE-4998-9CF6-DB068C060FD2}.Release|x64.ActiveCfg = Release|Any CPU
		{C1E9CBAE-C7EE-4998-9CF6-DB068C060FD2}.Release|x64.Build.0 = Release|Any CPU
		{C1E9CBAE-C7EE-4998-9CF6-DB068C060FD2}.Release|x86.ActiveCfg = Release|Any CPU
		{C1E9CBAE-C7EE-4998-9CF6-DB068C060FD2}.Release|x86.Build.0 = Release|Any CPU
		{8166858D-35C0-4E5D-868F-05F566213012}.Debug|Any CPU.ActiveCfg = Debug|Any CPU
		{8166858D-35C0-4E5D-868F-05F566213012}.Debug|Any CPU.Build.0 = Debug|Any CPU
		{8166858D-35C0-4E5D-868F-05F566213012}.Debug|ARM.ActiveCfg = Debug|Any CPU
		{8166858D-35C0-4E5D-868F-05F566213012}.Debug|ARM.Build.0 = Debug|Any CPU
		{8166858D-35C0-4E5D-868F-05F566213012}.Debug|ARM64.ActiveCfg = Debug|Any CPU
		{8166858D-35C0-4E5D-868F-05F566213012}.Debug|ARM64.Build.0 = Debug|Any CPU
		{8166858D-35C0-4E5D-868F-05F566213012}.Debug|x64.ActiveCfg = Debug|Any CPU
		{8166858D-35C0-4E5D-868F-05F566213012}.Debug|x64.Build.0 = Debug|Any CPU
		{8166858D-35C0-4E5D-868F-05F566213012}.Debug|x86.ActiveCfg = Debug|Any CPU
		{8166858D-35C0-4E5D-868F-05F566213012}.Debug|x86.Build.0 = Debug|Any CPU
		{8166858D-35C0-4E5D-868F-05F566213012}.Release|Any CPU.ActiveCfg = Release|Any CPU
		{8166858D-35C0-4E5D-868F-05F566213012}.Release|Any CPU.Build.0 = Release|Any CPU
		{8166858D-35C0-4E5D-868F-05F566213012}.Release|ARM.ActiveCfg = Release|Any CPU
		{8166858D-35C0-4E5D-868F-05F566213012}.Release|ARM.Build.0 = Release|Any CPU
		{8166858D-35C0-4E5D-868F-05F566213012}.Release|ARM64.ActiveCfg = Release|Any CPU
		{8166858D-35C0-4E5D-868F-05F566213012}.Release|ARM64.Build.0 = Release|Any CPU
		{8166858D-35C0-4E5D-868F-05F566213012}.Release|x64.ActiveCfg = Release|Any CPU
		{8166858D-35C0-4E5D-868F-05F566213012}.Release|x64.Build.0 = Release|Any CPU
		{8166858D-35C0-4E5D-868F-05F566213012}.Release|x86.ActiveCfg = Release|Any CPU
		{8166858D-35C0-4E5D-868F-05F566213012}.Release|x86.Build.0 = Release|Any CPU
		{B300720E-802C-4D1F-A66F-63564E3849FF}.Debug|Any CPU.ActiveCfg = Debug|Any CPU
		{B300720E-802C-4D1F-A66F-63564E3849FF}.Debug|Any CPU.Build.0 = Debug|Any CPU
		{B300720E-802C-4D1F-A66F-63564E3849FF}.Debug|ARM.ActiveCfg = Debug|Any CPU
		{B300720E-802C-4D1F-A66F-63564E3849FF}.Debug|ARM.Build.0 = Debug|Any CPU
		{B300720E-802C-4D1F-A66F-63564E3849FF}.Debug|ARM64.ActiveCfg = Debug|Any CPU
		{B300720E-802C-4D1F-A66F-63564E3849FF}.Debug|ARM64.Build.0 = Debug|Any CPU
		{B300720E-802C-4D1F-A66F-63564E3849FF}.Debug|x64.ActiveCfg = Debug|Any CPU
		{B300720E-802C-4D1F-A66F-63564E3849FF}.Debug|x64.Build.0 = Debug|Any CPU
		{B300720E-802C-4D1F-A66F-63564E3849FF}.Debug|x86.ActiveCfg = Debug|Any CPU
		{B300720E-802C-4D1F-A66F-63564E3849FF}.Debug|x86.Build.0 = Debug|Any CPU
		{B300720E-802C-4D1F-A66F-63564E3849FF}.Release|Any CPU.ActiveCfg = Release|Any CPU
		{B300720E-802C-4D1F-A66F-63564E3849FF}.Release|Any CPU.Build.0 = Release|Any CPU
		{B300720E-802C-4D1F-A66F-63564E3849FF}.Release|ARM.ActiveCfg = Release|Any CPU
		{B300720E-802C-4D1F-A66F-63564E3849FF}.Release|ARM.Build.0 = Release|Any CPU
		{B300720E-802C-4D1F-A66F-63564E3849FF}.Release|ARM64.ActiveCfg = Release|Any CPU
		{B300720E-802C-4D1F-A66F-63564E3849FF}.Release|ARM64.Build.0 = Release|Any CPU
		{B300720E-802C-4D1F-A66F-63564E3849FF}.Release|x64.ActiveCfg = Release|Any CPU
		{B300720E-802C-4D1F-A66F-63564E3849FF}.Release|x64.Build.0 = Release|Any CPU
		{B300720E-802C-4D1F-A66F-63564E3849FF}.Release|x86.ActiveCfg = Release|Any CPU
		{B300720E-802C-4D1F-A66F-63564E3849FF}.Release|x86.Build.0 = Release|Any CPU
		{5DE225DE-049E-4338-BEBC-757ADB1EA382}.Debug|Any CPU.ActiveCfg = Debug|Any CPU
		{5DE225DE-049E-4338-BEBC-757ADB1EA382}.Debug|Any CPU.Build.0 = Debug|Any CPU
		{5DE225DE-049E-4338-BEBC-757ADB1EA382}.Debug|ARM.ActiveCfg = Debug|Any CPU
		{5DE225DE-049E-4338-BEBC-757ADB1EA382}.Debug|ARM.Build.0 = Debug|Any CPU
		{5DE225DE-049E-4338-BEBC-757ADB1EA382}.Debug|ARM64.ActiveCfg = Debug|Any CPU
		{5DE225DE-049E-4338-BEBC-757ADB1EA382}.Debug|ARM64.Build.0 = Debug|Any CPU
		{5DE225DE-049E-4338-BEBC-757ADB1EA382}.Debug|x64.ActiveCfg = Debug|Any CPU
		{5DE225DE-049E-4338-BEBC-757ADB1EA382}.Debug|x64.Build.0 = Debug|Any CPU
		{5DE225DE-049E-4338-BEBC-757ADB1EA382}.Debug|x86.ActiveCfg = Debug|Any CPU
		{5DE225DE-049E-4338-BEBC-757ADB1EA382}.Debug|x86.Build.0 = Debug|Any CPU
		{5DE225DE-049E-4338-BEBC-757ADB1EA382}.Release|Any CPU.ActiveCfg = Release|Any CPU
		{5DE225DE-049E-4338-BEBC-757ADB1EA382}.Release|Any CPU.Build.0 = Release|Any CPU
		{5DE225DE-049E-4338-BEBC-757ADB1EA382}.Release|ARM.ActiveCfg = Release|Any CPU
		{5DE225DE-049E-4338-BEBC-757ADB1EA382}.Release|ARM.Build.0 = Release|Any CPU
		{5DE225DE-049E-4338-BEBC-757ADB1EA382}.Release|ARM64.ActiveCfg = Release|Any CPU
		{5DE225DE-049E-4338-BEBC-757ADB1EA382}.Release|ARM64.Build.0 = Release|Any CPU
		{5DE225DE-049E-4338-BEBC-757ADB1EA382}.Release|x64.ActiveCfg = Release|Any CPU
		{5DE225DE-049E-4338-BEBC-757ADB1EA382}.Release|x64.Build.0 = Release|Any CPU
		{5DE225DE-049E-4338-BEBC-757ADB1EA382}.Release|x86.ActiveCfg = Release|Any CPU
		{5DE225DE-049E-4338-BEBC-757ADB1EA382}.Release|x86.Build.0 = Release|Any CPU
		{4CA8E793-4C76-4D2E-9B9A-6146056EDADC}.Debug|Any CPU.ActiveCfg = Debug|Any CPU
		{4CA8E793-4C76-4D2E-9B9A-6146056EDADC}.Debug|Any CPU.Build.0 = Debug|Any CPU
		{4CA8E793-4C76-4D2E-9B9A-6146056EDADC}.Debug|Any CPU.Deploy.0 = Debug|Any CPU
		{4CA8E793-4C76-4D2E-9B9A-6146056EDADC}.Debug|ARM.ActiveCfg = Debug|ARM
		{4CA8E793-4C76-4D2E-9B9A-6146056EDADC}.Debug|ARM.Build.0 = Debug|ARM
		{4CA8E793-4C76-4D2E-9B9A-6146056EDADC}.Debug|ARM.Deploy.0 = Debug|ARM
		{4CA8E793-4C76-4D2E-9B9A-6146056EDADC}.Debug|ARM64.ActiveCfg = Debug|ARM64
		{4CA8E793-4C76-4D2E-9B9A-6146056EDADC}.Debug|ARM64.Build.0 = Debug|ARM64
		{4CA8E793-4C76-4D2E-9B9A-6146056EDADC}.Debug|ARM64.Deploy.0 = Debug|ARM64
		{4CA8E793-4C76-4D2E-9B9A-6146056EDADC}.Debug|x64.ActiveCfg = Debug|x64
		{4CA8E793-4C76-4D2E-9B9A-6146056EDADC}.Debug|x64.Build.0 = Debug|x64
		{4CA8E793-4C76-4D2E-9B9A-6146056EDADC}.Debug|x64.Deploy.0 = Debug|x64
		{4CA8E793-4C76-4D2E-9B9A-6146056EDADC}.Debug|x86.ActiveCfg = Release|x86
		{4CA8E793-4C76-4D2E-9B9A-6146056EDADC}.Debug|x86.Build.0 = Release|x86
		{4CA8E793-4C76-4D2E-9B9A-6146056EDADC}.Debug|x86.Deploy.0 = Release|x86
		{4CA8E793-4C76-4D2E-9B9A-6146056EDADC}.Release|Any CPU.ActiveCfg = Release|Any CPU
		{4CA8E793-4C76-4D2E-9B9A-6146056EDADC}.Release|Any CPU.Build.0 = Release|Any CPU
		{4CA8E793-4C76-4D2E-9B9A-6146056EDADC}.Release|Any CPU.Deploy.0 = Release|Any CPU
		{4CA8E793-4C76-4D2E-9B9A-6146056EDADC}.Release|ARM.ActiveCfg = Release|ARM
		{4CA8E793-4C76-4D2E-9B9A-6146056EDADC}.Release|ARM.Build.0 = Release|ARM
		{4CA8E793-4C76-4D2E-9B9A-6146056EDADC}.Release|ARM.Deploy.0 = Release|ARM
		{4CA8E793-4C76-4D2E-9B9A-6146056EDADC}.Release|ARM64.ActiveCfg = Release|ARM64
		{4CA8E793-4C76-4D2E-9B9A-6146056EDADC}.Release|ARM64.Build.0 = Release|ARM64
		{4CA8E793-4C76-4D2E-9B9A-6146056EDADC}.Release|ARM64.Deploy.0 = Release|ARM64
		{4CA8E793-4C76-4D2E-9B9A-6146056EDADC}.Release|x64.ActiveCfg = Release|x64
		{4CA8E793-4C76-4D2E-9B9A-6146056EDADC}.Release|x64.Build.0 = Release|x64
		{4CA8E793-4C76-4D2E-9B9A-6146056EDADC}.Release|x64.Deploy.0 = Release|x64
		{4CA8E793-4C76-4D2E-9B9A-6146056EDADC}.Release|x86.ActiveCfg = Release|x86
		{4CA8E793-4C76-4D2E-9B9A-6146056EDADC}.Release|x86.Build.0 = Release|x86
		{4CA8E793-4C76-4D2E-9B9A-6146056EDADC}.Release|x86.Deploy.0 = Release|x86
		{213C58A4-B881-4A23-8080-4E9A265240EE}.Debug|Any CPU.ActiveCfg = Debug|Any CPU
		{213C58A4-B881-4A23-8080-4E9A265240EE}.Debug|Any CPU.Build.0 = Debug|Any CPU
		{213C58A4-B881-4A23-8080-4E9A265240EE}.Debug|ARM.ActiveCfg = Debug|Any CPU
		{213C58A4-B881-4A23-8080-4E9A265240EE}.Debug|ARM.Build.0 = Debug|Any CPU
		{213C58A4-B881-4A23-8080-4E9A265240EE}.Debug|ARM64.ActiveCfg = Debug|Any CPU
		{213C58A4-B881-4A23-8080-4E9A265240EE}.Debug|ARM64.Build.0 = Debug|Any CPU
		{213C58A4-B881-4A23-8080-4E9A265240EE}.Debug|x64.ActiveCfg = Debug|Any CPU
		{213C58A4-B881-4A23-8080-4E9A265240EE}.Debug|x64.Build.0 = Debug|Any CPU
		{213C58A4-B881-4A23-8080-4E9A265240EE}.Debug|x86.ActiveCfg = Debug|Any CPU
		{213C58A4-B881-4A23-8080-4E9A265240EE}.Debug|x86.Build.0 = Debug|Any CPU
		{213C58A4-B881-4A23-8080-4E9A265240EE}.Release|Any CPU.ActiveCfg = Release|Any CPU
		{213C58A4-B881-4A23-8080-4E9A265240EE}.Release|Any CPU.Build.0 = Release|Any CPU
		{213C58A4-B881-4A23-8080-4E9A265240EE}.Release|ARM.ActiveCfg = Release|Any CPU
		{213C58A4-B881-4A23-8080-4E9A265240EE}.Release|ARM.Build.0 = Release|Any CPU
		{213C58A4-B881-4A23-8080-4E9A265240EE}.Release|ARM64.ActiveCfg = Release|Any CPU
		{213C58A4-B881-4A23-8080-4E9A265240EE}.Release|ARM64.Build.0 = Release|Any CPU
		{213C58A4-B881-4A23-8080-4E9A265240EE}.Release|x64.ActiveCfg = Release|Any CPU
		{213C58A4-B881-4A23-8080-4E9A265240EE}.Release|x64.Build.0 = Release|Any CPU
		{213C58A4-B881-4A23-8080-4E9A265240EE}.Release|x86.ActiveCfg = Release|Any CPU
		{213C58A4-B881-4A23-8080-4E9A265240EE}.Release|x86.Build.0 = Release|Any CPU
		{6762C1D5-9F11-4F3D-AEE5-6EB61F670F3E}.Debug|Any CPU.ActiveCfg = Debug|Any CPU
		{6762C1D5-9F11-4F3D-AEE5-6EB61F670F3E}.Debug|Any CPU.Build.0 = Debug|Any CPU
		{6762C1D5-9F11-4F3D-AEE5-6EB61F670F3E}.Debug|ARM.ActiveCfg = Debug|Any CPU
		{6762C1D5-9F11-4F3D-AEE5-6EB61F670F3E}.Debug|ARM.Build.0 = Debug|Any CPU
		{6762C1D5-9F11-4F3D-AEE5-6EB61F670F3E}.Debug|ARM64.ActiveCfg = Debug|Any CPU
		{6762C1D5-9F11-4F3D-AEE5-6EB61F670F3E}.Debug|ARM64.Build.0 = Debug|Any CPU
		{6762C1D5-9F11-4F3D-AEE5-6EB61F670F3E}.Debug|x64.ActiveCfg = Debug|Any CPU
		{6762C1D5-9F11-4F3D-AEE5-6EB61F670F3E}.Debug|x64.Build.0 = Debug|Any CPU
		{6762C1D5-9F11-4F3D-AEE5-6EB61F670F3E}.Debug|x86.ActiveCfg = Debug|Any CPU
		{6762C1D5-9F11-4F3D-AEE5-6EB61F670F3E}.Debug|x86.Build.0 = Debug|Any CPU
		{6762C1D5-9F11-4F3D-AEE5-6EB61F670F3E}.Release|Any CPU.ActiveCfg = Release|Any CPU
		{6762C1D5-9F11-4F3D-AEE5-6EB61F670F3E}.Release|Any CPU.Build.0 = Release|Any CPU
		{6762C1D5-9F11-4F3D-AEE5-6EB61F670F3E}.Release|ARM.ActiveCfg = Release|Any CPU
		{6762C1D5-9F11-4F3D-AEE5-6EB61F670F3E}.Release|ARM.Build.0 = Release|Any CPU
		{6762C1D5-9F11-4F3D-AEE5-6EB61F670F3E}.Release|ARM64.ActiveCfg = Release|Any CPU
		{6762C1D5-9F11-4F3D-AEE5-6EB61F670F3E}.Release|ARM64.Build.0 = Release|Any CPU
		{6762C1D5-9F11-4F3D-AEE5-6EB61F670F3E}.Release|x64.ActiveCfg = Release|Any CPU
		{6762C1D5-9F11-4F3D-AEE5-6EB61F670F3E}.Release|x64.Build.0 = Release|Any CPU
		{6762C1D5-9F11-4F3D-AEE5-6EB61F670F3E}.Release|x86.ActiveCfg = Release|Any CPU
		{6762C1D5-9F11-4F3D-AEE5-6EB61F670F3E}.Release|x86.Build.0 = Release|Any CPU
	EndGlobalSection
	GlobalSection(SolutionProperties) = preSolution
		HideSolutionNode = FALSE
	EndGlobalSection
	GlobalSection(NestedProjects) = preSolution
		{7121EE73-A106-4BC0-8BBD-6E86A40DA698} = {78FFBE4E-2136-4BA9-98CB-29342A2B582D}
		{997AE9EA-5561-4695-9A22-501A0DE56EFC} = {78FFBE4E-2136-4BA9-98CB-29342A2B582D}
		{2C54C341-B828-4DE3-A278-9699EC755177} = {7EF5493D-A9EB-4771-AA39-C8B03CA2FF66}
		{BB066D5B-2427-460D-AFDB-0D8CE5F1703A} = {7EF5493D-A9EB-4771-AA39-C8B03CA2FF66}
		{E1FA9E6F-C83C-47D7-91A8-59A90DB41E08} = {1DDFE4EC-D225-4A90-B665-F7DFACE243DD}
		{B378F3A1-F9F2-4D3D-8437-6BEFEABFE50F} = {7EF5493D-A9EB-4771-AA39-C8B03CA2FF66}
		{C1E9CBAE-C7EE-4998-9CF6-DB068C060FD2} = {7EF5493D-A9EB-4771-AA39-C8B03CA2FF66}
		{8166858D-35C0-4E5D-868F-05F566213012} = {78FFBE4E-2136-4BA9-98CB-29342A2B582D}
		{B300720E-802C-4D1F-A66F-63564E3849FF} = {7EF5493D-A9EB-4771-AA39-C8B03CA2FF66}
	EndGlobalSection
	GlobalSection(ExtensibilityGlobals) = postSolution
		SolutionGuid = {CA9C62A1-D1CD-46B8-B906-8B72118F91FA}
	EndGlobalSection
EndGlobal
