
Microsoft Visual Studio Solution File, Format Version 12.00
# Visual Studio Version 17
VisualStudioVersion = 17.9.34723.18
MinimumVisualStudioVersion = 10.0.40219.1
Project("{9A19103F-16F7-4668-BE54-9A1E7A4F7556}") = "VCheckViewer", "VCheckViewer\VCheckViewer.csproj", "{E9418A72-5A19-4348-9BCB-8C6941075E7B}"
EndProject
Project("{9A19103F-16F7-4668-BE54-9A1E7A4F7556}") = "VCheckListenerWorker", "VCheckListenerWorker\VCheckListenerWorker.csproj", "{6F4503D7-2361-4356-93B9-D1FB5BC190C8}"
EndProject
Project("{2150E333-8FDC-42A3-9474-1A3956D46DE8}") = "Libraries", "Libraries", "{78FFBE4E-2136-4BA9-98CB-29342A2B582D}"
EndProject
Project("{9A19103F-16F7-4668-BE54-9A1E7A4F7556}") = "VCheck.Lib.Data", "Library\VCheck.Lib.Data\VCheck.Lib.Data.csproj", "{7121EE73-A106-4BC0-8BBD-6E86A40DA698}"
EndProject
Project("{9A19103F-16F7-4668-BE54-9A1E7A4F7556}") = "VCheck.Helper", "Library\VCheck.Helper\VCheck.Helper.csproj", "{997AE9EA-5561-4695-9A22-501A0DE56EFC}"
EndProject
Project("{9A19103F-16F7-4668-BE54-9A1E7A4F7556}") = "VCheckViewerAPI", "VCheckViewerAPI\VCheckViewerAPI.csproj", "{22EAAA8A-5762-4C2D-9EDB-18E85CB60C8D}"
EndProject
Project("{2150E333-8FDC-42A3-9474-1A3956D46DE8}") = "Tasks", "Tasks", "{7EF5493D-A9EB-4771-AA39-C8B03CA2FF66}"
EndProject
Project("{9A19103F-16F7-4668-BE54-9A1E7A4F7556}") = "VCheckAutoNotificationTask", "VCheckAutoNotificationTask\VCheckAutoNotificationTask.csproj", "{2C54C341-B828-4DE3-A278-9699EC755177}"
EndProject
Project("{9A19103F-16F7-4668-BE54-9A1E7A4F7556}") = "VCheckTestResultTransferTask", "VCheckTestResultTransferTask\VCheckTestResultTransferTask.csproj", "{BB066D5B-2427-460D-AFDB-0D8CE5F1703A}"
EndProject
Global
	GlobalSection(SolutionConfigurationPlatforms) = preSolution
		Debug|Any CPU = Debug|Any CPU
		Release|Any CPU = Release|Any CPU
	EndGlobalSection
	GlobalSection(ProjectConfigurationPlatforms) = postSolution
		{E9418A72-5A19-4348-9BCB-8C6941075E7B}.Debug|Any CPU.ActiveCfg = Debug|Any CPU
		{E9418A72-5A19-4348-9BCB-8C6941075E7B}.Debug|Any CPU.Build.0 = Debug|Any CPU
		{E9418A72-5A19-4348-9BCB-8C6941075E7B}.Release|Any CPU.ActiveCfg = Release|Any CPU
		{E9418A72-5A19-4348-9BCB-8C6941075E7B}.Release|Any CPU.Build.0 = Release|Any CPU
		{6F4503D7-2361-4356-93B9-D1FB5BC190C8}.Debug|Any CPU.ActiveCfg = Debug|Any CPU
		{6F4503D7-2361-4356-93B9-D1FB5BC190C8}.Debug|Any CPU.Build.0 = Debug|Any CPU
		{6F4503D7-2361-4356-93B9-D1FB5BC190C8}.Release|Any CPU.ActiveCfg = Release|Any CPU
		{6F4503D7-2361-4356-93B9-D1FB5BC190C8}.Release|Any CPU.Build.0 = Release|Any CPU
		{7121EE73-A106-4BC0-8BBD-6E86A40DA698}.Debug|Any CPU.ActiveCfg = Debug|Any CPU
		{7121EE73-A106-4BC0-8BBD-6E86A40DA698}.Debug|Any CPU.Build.0 = Debug|Any CPU
		{7121EE73-A106-4BC0-8BBD-6E86A40DA698}.Release|Any CPU.ActiveCfg = Release|Any CPU
		{7121EE73-A106-4BC0-8BBD-6E86A40DA698}.Release|Any CPU.Build.0 = Release|Any CPU
		{997AE9EA-5561-4695-9A22-501A0DE56EFC}.Debug|Any CPU.ActiveCfg = Debug|Any CPU
		{997AE9EA-5561-4695-9A22-501A0DE56EFC}.Debug|Any CPU.Build.0 = Debug|Any CPU
		{997AE9EA-5561-4695-9A22-501A0DE56EFC}.Release|Any CPU.ActiveCfg = Release|Any CPU
		{997AE9EA-5561-4695-9A22-501A0DE56EFC}.Release|Any CPU.Build.0 = Release|Any CPU
		{22EAAA8A-5762-4C2D-9EDB-18E85CB60C8D}.Debug|Any CPU.ActiveCfg = Debug|Any CPU
		{22EAAA8A-5762-4C2D-9EDB-18E85CB60C8D}.Debug|Any CPU.Build.0 = Debug|Any CPU
		{22EAAA8A-5762-4C2D-9EDB-18E85CB60C8D}.Release|Any CPU.ActiveCfg = Release|Any CPU
		{22EAAA8A-5762-4C2D-9EDB-18E85CB60C8D}.Release|Any CPU.Build.0 = Release|Any CPU
		{2C54C341-B828-4DE3-A278-9699EC755177}.Debug|Any CPU.ActiveCfg = Debug|Any CPU
		{2C54C341-B828-4DE3-A278-9699EC755177}.Debug|Any CPU.Build.0 = Debug|Any CPU
		{2C54C341-B828-4DE3-A278-9699EC755177}.Release|Any CPU.ActiveCfg = Release|Any CPU
		{2C54C341-B828-4DE3-A278-9699EC755177}.Release|Any CPU.Build.0 = Release|Any CPU
		{BB066D5B-2427-460D-AFDB-0D8CE5F1703A}.Debug|Any CPU.ActiveCfg = Debug|Any CPU
		{BB066D5B-2427-460D-AFDB-0D8CE5F1703A}.Debug|Any CPU.Build.0 = Debug|Any CPU
		{BB066D5B-2427-460D-AFDB-0D8CE5F1703A}.Release|Any CPU.ActiveCfg = Release|Any CPU
		{BB066D5B-2427-460D-AFDB-0D8CE5F1703A}.Release|Any CPU.Build.0 = Release|Any CPU
	EndGlobalSection
	GlobalSection(SolutionProperties) = preSolution
		HideSolutionNode = FALSE
	EndGlobalSection
	GlobalSection(NestedProjects) = preSolution
		{7121EE73-A106-4BC0-8BBD-6E86A40DA698} = {78FFBE4E-2136-4BA9-98CB-29342A2B582D}
		{997AE9EA-5561-4695-9A22-501A0DE56EFC} = {78FFBE4E-2136-4BA9-98CB-29342A2B582D}
		{2C54C341-B828-4DE3-A278-9699EC755177} = {7EF5493D-A9EB-4771-AA39-C8B03CA2FF66}
		{BB066D5B-2427-460D-AFDB-0D8CE5F1703A} = {7EF5493D-A9EB-4771-AA39-C8B03CA2FF66}
	EndGlobalSection
	GlobalSection(ExtensibilityGlobals) = postSolution
		SolutionGuid = {CA9C62A1-D1CD-46B8-B906-8B72118F91FA}
	EndGlobalSection
EndGlobal
