
Microsoft Visual Studio Solution File, Format Version 12.00
# Visual Studio Version 17
VisualStudioVersion = 17.10.34928.147
MinimumVisualStudioVersion = 10.0.40219.1
Project("{FAE04EC0-301F-11D3-BF4B-00C04F79EFBC}") = "VCheckTestResultDataSynchTask", "VCheckTestResultDataSynchTask.csproj", "{CF1204B9-40DB-4FBA-9BF3-56C76E92EFF8}"
EndProject
Global
	GlobalSection(SolutionConfigurationPlatforms) = preSolution
		Debug|Any CPU = Debug|Any CPU
		Release|Any CPU = Release|Any CPU
	EndGlobalSection
	GlobalSection(ProjectConfigurationPlatforms) = postSolution
		{CF1204B9-40DB-4FBA-9BF3-56C76E92EFF8}.Debug|Any CPU.ActiveCfg = Debug|Any CPU
		{CF1204B9-40DB-4FBA-9BF3-56C76E92EFF8}.Debug|Any CPU.Build.0 = Debug|Any CPU
		{CF1204B9-40DB-4FBA-9BF3-56C76E92EFF8}.Release|Any CPU.ActiveCfg = Release|Any CPU
		{CF1204B9-40DB-4FBA-9BF3-56C76E92EFF8}.Release|Any CPU.Build.0 = Release|Any CPU
	EndGlobalSection
	GlobalSection(SolutionProperties) = preSolution
		HideSolutionNode = FALSE
	EndGlobalSection
	GlobalSection(ExtensibilityGlobals) = postSolution
		SolutionGuid = {98351156-2BFE-4AEE-98DF-F8A74E1610D1}
	EndGlobalSection
EndGlobal
