
Microsoft Visual Studio Solution File, Format Version 12.00
# Visual Studio Version 17
VisualStudioVersion = 17.11.35327.3
MinimumVisualStudioVersion = 10.0.40219.1
Project("{FAE04EC0-301F-11D3-BF4B-00C04F79EFBC}") = "VCheckHL7QueryTestApp", "VCheckHL7QueryTestApp.csproj", "{07886DF0-BC5A-4237-AEC0-9CEDB1457D63}"
EndProject
Global
	GlobalSection(SolutionConfigurationPlatforms) = preSolution
		Debug|Any CPU = Debug|Any CPU
		Release|Any CPU = Release|Any CPU
	EndGlobalSection
	GlobalSection(ProjectConfigurationPlatforms) = postSolution
		{07886DF0-BC5A-4237-AEC0-9CEDB1457D63}.Debug|Any CPU.ActiveCfg = Debug|Any CPU
		{07886DF0-BC5A-4237-AEC0-9CEDB1457D63}.Debug|Any CPU.Build.0 = Debug|Any CPU
		{07886DF0-BC5A-4237-AEC0-9CEDB1457D63}.Release|Any CPU.ActiveCfg = Release|Any CPU
		{07886DF0-BC5A-4237-AEC0-9CEDB1457D63}.Release|Any CPU.Build.0 = Release|Any CPU
	EndGlobalSection
	GlobalSection(SolutionProperties) = preSolution
		HideSolutionNode = FALSE
	EndGlobalSection
	GlobalSection(ExtensibilityGlobals) = postSolution
		SolutionGuid = {16DAA70A-C914-46C5-9095-070AACF7568F}
	EndGlobalSection
EndGlobal
